
Microsoft Visual Studio Solution File, Format Version 12.00
# Visual Studio Version 16
VisualStudioVersion = 16.0.30717.126
MinimumVisualStudioVersion = 10.0.40219.1
Project("{888888A0-9F3D-457C-B088-3A5042F75D52}") = "WebScraping", "WebScraping.pyproj", "{000AFE54-01D9-4A31-9F72-2BC919EA88D8}"
EndProject
Global
	GlobalSection(SolutionConfigurationPlatforms) = preSolution
		Debug|Any CPU = Debug|Any CPU
		Release|Any CPU = Release|Any CPU
	EndGlobalSection
	GlobalSection(ProjectConfigurationPlatforms) = postSolution
		{000AFE54-01D9-4A31-9F72-2BC919EA88D8}.Debug|Any CPU.ActiveCfg = Debug|Any CPU
		{000AFE54-01D9-4A31-9F72-2BC919EA88D8}.Release|Any CPU.ActiveCfg = Release|Any CPU
	EndGlobalSection
	GlobalSection(SolutionProperties) = preSolution
		HideSolutionNode = FALSE
	EndGlobalSection
	GlobalSection(ExtensibilityGlobals) = postSolution
		SolutionGuid = {91D85EDC-E2DB-4F5E-9F90-6DF1CC02633D}
	EndGlobalSection
EndGlobal
